
Microsoft Visual Studio Solution File, Format Version 12.00
# Visual Studio Version 17
VisualStudioVersion = 17.2.32526.322
MinimumVisualStudioVersion = 10.0.40219.1
Project("{FAE04EC0-301F-11D3-BF4B-00C04F79EFBC}") = "SmartWallet2.Web", "SmartWallet2.Web\SmartWallet2.Web.csproj", "{BD87CE9E-14D9-4427-9117-74F98418363F}"
EndProject
Global
	GlobalSection(SolutionConfigurationPlatforms) = preSolution
		Debug|Any CPU = Debug|Any CPU
		Release|Any CPU = Release|Any CPU
	EndGlobalSection
	GlobalSection(ProjectConfigurationPlatforms) = postSolution
		{BD87CE9E-14D9-4427-9117-74F98418363F}.Debug|Any CPU.ActiveCfg = Debug|Any CPU
		{BD87CE9E-14D9-4427-9117-74F98418363F}.Debug|Any CPU.Build.0 = Debug|Any CPU
		{BD87CE9E-14D9-4427-9117-74F98418363F}.Release|Any CPU.ActiveCfg = Release|Any CPU
		{BD87CE9E-14D9-4427-9117-74F98418363F}.Release|Any CPU.Build.0 = Release|Any CPU
	EndGlobalSection
	GlobalSection(SolutionProperties) = preSolution
		HideSolutionNode = FALSE
	EndGlobalSection
	GlobalSection(ExtensibilityGlobals) = postSolution
		SolutionGuid = {DC2415BA-ECEB-416B-BDD2-FDBFEB198200}
	EndGlobalSection
EndGlobal
